{
  "name": "terminator-mcp-agent",
  "version": "0.10.3",
  "lockfileVersion": 3,
  "requires": true,
  "packages": {
    "": {
      "name": "terminator-mcp-agent",
      "version": "0.10.3",
      "bin": {
        "terminator-mcp-agent": "index.js"
      },
      "engines": {
        "node": ">= 10"
      },
      "optionalDependencies": {
        "terminator-mcp-darwin-arm64": "0.10.3",
        "terminator-mcp-darwin-x64": "0.10.3",
        "terminator-mcp-linux-x64-gnu": "0.10.3",
        "terminator-mcp-win32-x64-msvc": "0.10.3"
      }
    },
    "node_modules/terminator-mcp-darwin-arm64": {
      "version": "0.10.3",
      "resolved": "https://registry.npmjs.org/terminator-mcp-darwin-arm64/-/terminator-mcp-darwin-arm64-0.10.3.tgz",
      "integrity": "sha512-zlLoOg6lpIo5rHiivL4BtANi/RBF8YPsq98ya42S2nzsy8cpt47V6ajJGTucgedaDw6/TPCQZXa7Y5t5gXP+sA==",
      "cpu": [
        "arm64"
      ],
      "optional": true,
      "os": [
        "darwin"
      ],
      "engines": {
        "node": ">= 10"
      }
    },
    "node_modules/terminator-mcp-darwin-x64": {
      "version": "0.10.3",
      "resolved": "https://registry.npmjs.org/terminator-mcp-darwin-x64/-/terminator-mcp-darwin-x64-0.10.3.tgz",
      "integrity": "sha512-3NGRGM4XV9DAfr8YgET5xFW5dQl0Oc5GVlPWzZTLLpRwTE3JDCU/9Fr3QQS6qhKOxv8hEzIlomJQ72FqM8WFfQ==",
      "cpu": [
        "x64"
      ],
      "optional": true,
      "os": [
        "darwin"
      ],
      "engines": {
        "node": ">= 10"
      }
    },
    "node_modules/terminator-mcp-linux-x64-gnu": {
      "version": "0.10.3",
      "resolved": "https://registry.npmjs.org/terminator-mcp-linux-x64-gnu/-/terminator-mcp-linux-x64-gnu-0.10.3.tgz",
      "integrity": "sha512-PXNz0QgsducBZ/UCk6EN6YKbuNtZVR2OYku94T56luOeHcKeUWzU6zCMlj1YWn4D5Pm3aKl2cfcbqjZCGJEElg==",
      "cpu": [
        "x64"
      ],
      "optional": true,
      "os": [
        "linux"
      ],
      "engines": {
        "node": ">= 10"
      }
    },
    "node_modules/terminator-mcp-win32-x64-msvc": {
      "version": "0.10.3",
      "resolved": "https://registry.npmjs.org/terminator-mcp-win32-x64-msvc/-/terminator-mcp-win32-x64-msvc-0.10.3.tgz",
      "integrity": "sha512-e5GqgouLQ1fJWEViIsNEGcrDYYkGO4r1WwXPTreBjNGLTEsR1o1/9OVHUbine7kjF+AebUWRB+6B+uYcpgj5hA==",
      "cpu": [
        "x64"
      ],
      "optional": true,
      "os": [
        "win32"
      ],
      "engines": {
        "node": ">= 10"
      }
    }
  }
}
