{
    "name": "terminator-cli",
    "version": "0.23.5",
    "lockfileVersion": 3,
    "requires": true,
    "packages": {
        "": {
            "name": "terminator-cli",
            "version": "0.23.5",
            "bin": {
                "terminator": "index.js",
                "terminator-cli": "index.js"
            },
            "engines": {
                "node": ">= 10"
            },
            "optionalDependencies": {
                "terminator-cli-darwin-arm64": "0.23.5",
                "terminator-cli-darwin-x64": "0.23.5",
                "terminator-cli-linux-x64-gnu": "0.23.5",
                "terminator-cli-win32-arm64-msvc": "0.23.5",
                "terminator-cli-win32-x64-msvc": "0.23.5"
            }
        },
        "node_modules/terminator-cli-darwin-arm64": {
            "optional": true
        },
        "node_modules/terminator-cli-darwin-x64": {
            "optional": true
        },
        "node_modules/terminator-cli-linux-x64-gnu": {
            "optional": true
        },
        "node_modules/terminator-cli-win32-arm64-msvc": {
            "optional": true
        },
        "node_modules/terminator-cli-win32-x64-msvc": {
            "optional": true
        }
    }
}
