{
  "name": "@mediar-ai/cli",
  "version": "0.23.5",
  "lockfileVersion": 3,
  "requires": true,
  "packages": {
    "": {
      "name": "@mediar-ai/cli",
      "version": "0.23.5",
      "bin": {
        "terminator": "index.js",
        "terminator-cli": "index.js"
      },
      "engines": {
        "node": ">= 10"
      },
      "optionalDependencies": {
        "@mediar-ai/cli-darwin-arm64": "0.23.5",
        "@mediar-ai/cli-darwin-x64": "0.23.5",
        "@mediar-ai/cli-linux-x64-gnu": "0.23.5",
        "@mediar-ai/cli-win32-arm64-msvc": "0.23.5",
        "@mediar-ai/cli-win32-x64-msvc": "0.23.5"
      }
    },
    "node_modules/@mediar-ai/cli-darwin-arm64": {
      "optional": true
    },
    "node_modules/@mediar-ai/cli-darwin-x64": {
      "optional": true
    },
    "node_modules/@mediar-ai/cli-linux-x64-gnu": {
      "optional": true
    },
    "node_modules/@mediar-ai/cli-win32-arm64-msvc": {
      "optional": true
    },
    "node_modules/@mediar-ai/cli-win32-x64-msvc": {
      "optional": true
    }
  }
}
